
Microsoft Visual Studio Solution File, Format Version 11.00
# Visual Studio 2010
Project("{2150E333-8FDC-42A3-9474-1A3956D46DE8}") = "Super", "Super", "{E34724E3-D0E0-4330-807C-D8F6BDEB7C92}"
EndProject
Project("{2150E333-8FDC-42A3-9474-1A3956D46DE8}") = "Framework", "Framework", "{E0ABC95C-63D8-4E09-8C8C-E1928E2C20C0}"
EndProject
Project("{FAE04EC0-301F-11D3-BF4B-00C04F79EFBC}") = "EasyNetQ", "Framework\EasyNetQ\Source\EasyNetQ\EasyNetQ.csproj", "{B8DEF709-5168-48F1-B8D3-AD44E4A4A22B}"
EndProject
Project("{FAE04EC0-301F-11D3-BF4B-00C04F79EFBC}") = "CommonDomain", "Framework\CommonDomain\CommonDomain.csproj", "{E07187E1-EEE1-44DF-996A-C4733F327BDC}"
EndProject
Project("{FAE04EC0-301F-11D3-BF4B-00C04F79EFBC}") = "CommonDomain.Core", "Framework\CommonDomain.Core\CommonDomain.Core.csproj", "{51C99F4D-CCF0-431A-B37C-D620EF1DF37B}"
EndProject
Project("{FAE04EC0-301F-11D3-BF4B-00C04F79EFBC}") = "CommonDomain.Persistence", "Framework\CommonDomain.Persistence\CommonDomain.Persistence.csproj", "{75C8F482-B38D-428C-AD67-890B40E35A63}"
EndProject
Project("{FAE04EC0-301F-11D3-BF4B-00C04F79EFBC}") = "CommonDomain.Persistence.EventStore", "Framework\CommonDomain.Persistence.EventStore\CommonDomain.Persistence.EventStore.csproj", "{F489D9D1-F275-4018-A86F-D84352BCD4E9}"
EndProject
Project("{2150E333-8FDC-42A3-9474-1A3956D46DE8}") = "Web", "Web", "{E38D436F-66AB-4DA2-8DA0-78EC75E5B17D}"
EndProject
Project("{2150E333-8FDC-42A3-9474-1A3956D46DE8}") = "Programmazione", "Programmazione", "{CE755658-DC63-40E3-9FA2-48223E9D705C}"
EndProject
Project("{2150E333-8FDC-42A3-9474-1A3956D46DE8}") = "Appaltatore", "Appaltatore", "{AA0DC756-B570-43C4-AC40-56C13FC9B1B6}"
EndProject
Project("{2150E333-8FDC-42A3-9474-1A3956D46DE8}") = "Controllo", "Controllo", "{5450798B-9A8F-422D-8CCB-7943F94969F8}"
EndProject
Project("{2150E333-8FDC-42A3-9474-1A3956D46DE8}") = "Contabilita", "Contabilita", "{C6B45B47-7B7D-4912-BF0C-243B70253D5C}"
EndProject
Project("{FAE04EC0-301F-11D3-BF4B-00C04F79EFBC}") = "Domain", "Super\Appaltatore\domain\Domain.csproj", "{15903C05-3822-4034-AF0B-DB1A3611FB46}"
EndProject
Project("{FAE04EC0-301F-11D3-BF4B-00C04F79EFBC}") = "Events", "Super\Appaltatore\Events\Events.csproj", "{11241956-CC2D-46B0-B46C-C2E2F34AE693}"
EndProject
Project("{FAE04EC0-301F-11D3-BF4B-00C04F79EFBC}") = "Commands", "Super\Appaltatore\Commands\Commands.csproj", "{FC270F31-3A37-4E72-BE6A-CBB08FC69219}"
EndProject
Project("{FAE04EC0-301F-11D3-BF4B-00C04F79EFBC}") = "Handlers", "Super\Appaltatore\Handlers\Handlers.csproj", "{B2759F91-46E5-42EC-ABFA-33DEA9C9D120}"
EndProject
Project("{FAE04EC0-301F-11D3-BF4B-00C04F79EFBC}") = "Specs", "Super\Appaltatore\Specs\Specs.csproj", "{E8213E3C-0E8D-481E-84B3-475AAF93E2C4}"
EndProject
Project("{FAE04EC0-301F-11D3-BF4B-00C04F79EFBC}") = "Commands", "Super\Controllo\Commands\Commands.csproj", "{CB4B07C5-EAAF-4392-844E-D5C59F4C937E}"
EndProject
Project("{FAE04EC0-301F-11D3-BF4B-00C04F79EFBC}") = "Domain", "Super\Controllo\domain\Domain.csproj", "{D1041660-9247-418F-A1C4-9D746ADF42AF}"
EndProject
Project("{FAE04EC0-301F-11D3-BF4B-00C04F79EFBC}") = "Events", "Super\Controllo\Events\Events.csproj", "{54B96050-5AB3-4EA7-A62C-5986C5D9650D}"
EndProject
Project("{FAE04EC0-301F-11D3-BF4B-00C04F79EFBC}") = "Handlers", "Super\Controllo\Handlers\Handlers.csproj", "{9F1ADCE5-141A-408B-9A75-0C87F4F2D161}"
EndProject
Project("{FAE04EC0-301F-11D3-BF4B-00C04F79EFBC}") = "Specs", "Super\Controllo\Specs\Specs.csproj", "{4BCB5CDB-9E7E-4353-BA61-4595B94E96F9}"
EndProject
Project("{2150E333-8FDC-42A3-9474-1A3956D46DE8}") = "Administration", "Administration", "{28ED3CD1-AFFF-4424-BB50-46DCF412595E}"
EndProject
Project("{FAE04EC0-301F-11D3-BF4B-00C04F79EFBC}") = "Commands", "Super\Administration\Commands\Commands.csproj", "{CB1EFF69-B658-48FC-A075-113D40F81E7C}"
EndProject
Project("{FAE04EC0-301F-11D3-BF4B-00C04F79EFBC}") = "Domain", "Super\Administration\domain\Domain.csproj", "{CE2267CB-CC12-4314-93F0-CFE55464F52E}"
EndProject
Project("{FAE04EC0-301F-11D3-BF4B-00C04F79EFBC}") = "Events", "Super\Administration\Events\Events.csproj", "{DDD34014-317B-46DF-B363-1A0610103AC3}"
EndProject
Project("{FAE04EC0-301F-11D3-BF4B-00C04F79EFBC}") = "Handlers", "Super\Administration\Handlers\Handlers.csproj", "{B5916099-8813-4954-A02E-AF7BC9E2CB4D}"
EndProject
Project("{FAE04EC0-301F-11D3-BF4B-00C04F79EFBC}") = "Specs", "Super\Administration\Specs\Specs.csproj", "{B22B86C5-0E44-4165-B87D-FAA8ECAC06AB}"
EndProject
Project("{FAE04EC0-301F-11D3-BF4B-00C04F79EFBC}") = "UI_Web", "Super\Web\UI_Web\UI_Web.csproj", "{912C5029-358A-4560-A4C7-7B226DDFE3B9}"
EndProject
Project("{FAE04EC0-301F-11D3-BF4B-00C04F79EFBC}") = "Projection", "Super\Administration\Projection\Projection.csproj", "{DD261B56-459F-43A8-8775-169BC168D39F}"
EndProject
Project("{FAE04EC0-301F-11D3-BF4B-00C04F79EFBC}") = "AdministrationService", "Super\Administration\AdministrationService\AdministrationService.csproj", "{05EBFB01-166E-484C-9D17-700433609C23}"
EndProject
Project("{FAE04EC0-301F-11D3-BF4B-00C04F79EFBC}") = "CommandService", "Framework\CommandService\CommandService.csproj", "{22C1CCB4-63E1-47A8-8DD1-865E7E4F280A}"
EndProject
Project("{FAE04EC0-301F-11D3-BF4B-00C04F79EFBC}") = "UI_Console", "Super\Web\UI_Console\UI_Console.csproj", "{ADC4DF29-1616-4D40-93F1-A8F939F6F1FC}"
EndProject
Project("{2150E333-8FDC-42A3-9474-1A3956D46DE8}") = "Saga", "Saga", "{0BA9C73F-4E95-4AE6-821B-9BAB5BFAA657}"
EndProject
Project("{FAE04EC0-301F-11D3-BF4B-00C04F79EFBC}") = "SagaService", "Super\Saga\SagaService\SagaService.csproj", "{85F80C55-075E-4149-83D4-C32D09660E3A}"
EndProject
Project("{FAE04EC0-301F-11D3-BF4B-00C04F79EFBC}") = "Handlers", "Super\Saga\Handlers\Handlers.csproj", "{ED040216-1CD7-44D0-A567-0101C9FEC2E3}"
EndProject
Project("{FAE04EC0-301F-11D3-BF4B-00C04F79EFBC}") = "Domain", "Super\Saga\Domain\Domain.csproj", "{269A703A-8AAD-4FF1-B1D8-B20B1A21AA90}"
EndProject
Project("{FAE04EC0-301F-11D3-BF4B-00C04F79EFBC}") = "Specs", "Super\Saga\Specs\Specs.csproj", "{50D571A4-A3F3-46EC-9762-CACEBED9DFA7}"
EndProject
Project("{2150E333-8FDC-42A3-9474-1A3956D46DE8}") = "Specs", "Specs", "{40458B1F-BDB6-438E-B00B-4C1A31EAEFCD}"
EndProject
Project("{FAE04EC0-301F-11D3-BF4B-00C04F79EFBC}") = "CommonSpecs", "Framework\Specs\CommonSpecs\CommonSpecs.csproj", "{F954F13E-C818-485F-98BF-91579AA21127}"
EndProject
Project("{FAE04EC0-301F-11D3-BF4B-00C04F79EFBC}") = "CommonSpecs.Documentation", "Framework\Specs\CommonSpecs.Documentation\CommonSpecs.Documentation.csproj", "{30AA4A13-9F85-45B8-A5F6-60B6A86B1661}"
EndProject
Project("{FAE04EC0-301F-11D3-BF4B-00C04F79EFBC}") = "Toxicity", "Framework\Specs\Toxicity\Toxicity\Toxicity.csproj", "{03076AC8-E51D-4256-8911-F1288B3B4550}"
EndProject
Project("{FAE04EC0-301F-11D3-BF4B-00C04F79EFBC}") = "Events", "Super\Programmazione\Events\Events.csproj", "{321FF6F9-DBA2-48FA-99F4-65F9F8627913}"
EndProject
Project("{FAE04EC0-301F-11D3-BF4B-00C04F79EFBC}") = "AppaltatoreService", "Super\Appaltatore\AppaltatoreService\AppaltatoreService.csproj", "{FBC454A6-FE68-4F92-B803-EEDE69B34579}"
EndProject
Project("{FAE04EC0-301F-11D3-BF4B-00C04F79EFBC}") = "Projection", "Super\Appaltatore\Projection\Projection.csproj", "{55AEE922-6040-425E-BC49-9067243CBED3}"
EndProject
Project("{FAE04EC0-301F-11D3-BF4B-00C04F79EFBC}") = "ReadModel", "Super\Web\ReadModel\ReadModel.csproj", "{34152F74-4330-4271-83D0-2A2438CCE5FF}"
EndProject
Global
	GlobalSection(TestCaseManagementSettings) = postSolution
		CategoryFile = Super2013.vsmdi
	EndGlobalSection
	GlobalSection(SolutionConfigurationPlatforms) = preSolution
		Debug|Any CPU = Debug|Any CPU
		Debug|Mixed Platforms = Debug|Mixed Platforms
		Debug|x86 = Debug|x86
		Release|Any CPU = Release|Any CPU
		Release|Mixed Platforms = Release|Mixed Platforms
		Release|x86 = Release|x86
	EndGlobalSection
	GlobalSection(ProjectConfigurationPlatforms) = postSolution
		{B8DEF709-5168-48F1-B8D3-AD44E4A4A22B}.Debug|Any CPU.ActiveCfg = Debug|Any CPU
		{B8DEF709-5168-48F1-B8D3-AD44E4A4A22B}.Debug|Any CPU.Build.0 = Debug|Any CPU
		{B8DEF709-5168-48F1-B8D3-AD44E4A4A22B}.Debug|Mixed Platforms.ActiveCfg = Debug|Any CPU
		{B8DEF709-5168-48F1-B8D3-AD44E4A4A22B}.Debug|Mixed Platforms.Build.0 = Debug|Any CPU
		{B8DEF709-5168-48F1-B8D3-AD44E4A4A22B}.Debug|x86.ActiveCfg = Debug|Any CPU
		{B8DEF709-5168-48F1-B8D3-AD44E4A4A22B}.Release|Any CPU.ActiveCfg = Release|Any CPU
		{B8DEF709-5168-48F1-B8D3-AD44E4A4A22B}.Release|Any CPU.Build.0 = Release|Any CPU
		{B8DEF709-5168-48F1-B8D3-AD44E4A4A22B}.Release|Mixed Platforms.ActiveCfg = Release|Any CPU
		{B8DEF709-5168-48F1-B8D3-AD44E4A4A22B}.Release|Mixed Platforms.Build.0 = Release|Any CPU
		{B8DEF709-5168-48F1-B8D3-AD44E4A4A22B}.Release|x86.ActiveCfg = Release|Any CPU
		{E07187E1-EEE1-44DF-996A-C4733F327BDC}.Debug|Any CPU.ActiveCfg = Debug|Any CPU
		{E07187E1-EEE1-44DF-996A-C4733F327BDC}.Debug|Any CPU.Build.0 = Debug|Any CPU
		{E07187E1-EEE1-44DF-996A-C4733F327BDC}.Debug|Mixed Platforms.ActiveCfg = Debug|Any CPU
		{E07187E1-EEE1-44DF-996A-C4733F327BDC}.Debug|Mixed Platforms.Build.0 = Debug|Any CPU
		{E07187E1-EEE1-44DF-996A-C4733F327BDC}.Debug|x86.ActiveCfg = Debug|Any CPU
		{E07187E1-EEE1-44DF-996A-C4733F327BDC}.Release|Any CPU.ActiveCfg = Release|Any CPU
		{E07187E1-EEE1-44DF-996A-C4733F327BDC}.Release|Any CPU.Build.0 = Release|Any CPU
		{E07187E1-EEE1-44DF-996A-C4733F327BDC}.Release|Mixed Platforms.ActiveCfg = Release|Any CPU
		{E07187E1-EEE1-44DF-996A-C4733F327BDC}.Release|Mixed Platforms.Build.0 = Release|Any CPU
		{E07187E1-EEE1-44DF-996A-C4733F327BDC}.Release|x86.ActiveCfg = Release|Any CPU
		{51C99F4D-CCF0-431A-B37C-D620EF1DF37B}.Debug|Any CPU.ActiveCfg = Debug|Any CPU
		{51C99F4D-CCF0-431A-B37C-D620EF1DF37B}.Debug|Any CPU.Build.0 = Debug|Any CPU
		{51C99F4D-CCF0-431A-B37C-D620EF1DF37B}.Debug|Mixed Platforms.ActiveCfg = Debug|Any CPU
		{51C99F4D-CCF0-431A-B37C-D620EF1DF37B}.Debug|Mixed Platforms.Build.0 = Debug|Any CPU
		{51C99F4D-CCF0-431A-B37C-D620EF1DF37B}.Debug|x86.ActiveCfg = Debug|Any CPU
		{51C99F4D-CCF0-431A-B37C-D620EF1DF37B}.Release|Any CPU.ActiveCfg = Release|Any CPU
		{51C99F4D-CCF0-431A-B37C-D620EF1DF37B}.Release|Any CPU.Build.0 = Release|Any CPU
		{51C99F4D-CCF0-431A-B37C-D620EF1DF37B}.Release|Mixed Platforms.ActiveCfg = Release|Any CPU
		{51C99F4D-CCF0-431A-B37C-D620EF1DF37B}.Release|Mixed Platforms.Build.0 = Release|Any CPU
		{51C99F4D-CCF0-431A-B37C-D620EF1DF37B}.Release|x86.ActiveCfg = Release|Any CPU
		{75C8F482-B38D-428C-AD67-890B40E35A63}.Debug|Any CPU.ActiveCfg = Debug|Any CPU
		{75C8F482-B38D-428C-AD67-890B40E35A63}.Debug|Any CPU.Build.0 = Debug|Any CPU
		{75C8F482-B38D-428C-AD67-890B40E35A63}.Debug|Mixed Platforms.ActiveCfg = Debug|Any CPU
		{75C8F482-B38D-428C-AD67-890B40E35A63}.Debug|Mixed Platforms.Build.0 = Debug|Any CPU
		{75C8F482-B38D-428C-AD67-890B40E35A63}.Debug|x86.ActiveCfg = Debug|Any CPU
		{75C8F482-B38D-428C-AD67-890B40E35A63}.Release|Any CPU.ActiveCfg = Release|Any CPU
		{75C8F482-B38D-428C-AD67-890B40E35A63}.Release|Any CPU.Build.0 = Release|Any CPU
		{75C8F482-B38D-428C-AD67-890B40E35A63}.Release|Mixed Platforms.ActiveCfg = Release|Any CPU
		{75C8F482-B38D-428C-AD67-890B40E35A63}.Release|Mixed Platforms.Build.0 = Release|Any CPU
		{75C8F482-B38D-428C-AD67-890B40E35A63}.Release|x86.ActiveCfg = Release|Any CPU
		{F489D9D1-F275-4018-A86F-D84352BCD4E9}.Debug|Any CPU.ActiveCfg = Debug|Any CPU
		{F489D9D1-F275-4018-A86F-D84352BCD4E9}.Debug|Any CPU.Build.0 = Debug|Any CPU
		{F489D9D1-F275-4018-A86F-D84352BCD4E9}.Debug|Mixed Platforms.ActiveCfg = Debug|Any CPU
		{F489D9D1-F275-4018-A86F-D84352BCD4E9}.Debug|Mixed Platforms.Build.0 = Debug|Any CPU
		{F489D9D1-F275-4018-A86F-D84352BCD4E9}.Debug|x86.ActiveCfg = Debug|Any CPU
		{F489D9D1-F275-4018-A86F-D84352BCD4E9}.Release|Any CPU.ActiveCfg = Release|Any CPU
		{F489D9D1-F275-4018-A86F-D84352BCD4E9}.Release|Any CPU.Build.0 = Release|Any CPU
		{F489D9D1-F275-4018-A86F-D84352BCD4E9}.Release|Mixed Platforms.ActiveCfg = Release|Any CPU
		{F489D9D1-F275-4018-A86F-D84352BCD4E9}.Release|Mixed Platforms.Build.0 = Release|Any CPU
		{F489D9D1-F275-4018-A86F-D84352BCD4E9}.Release|x86.ActiveCfg = Release|Any CPU
		{15903C05-3822-4034-AF0B-DB1A3611FB46}.Debug|Any CPU.ActiveCfg = Debug|Any CPU
		{15903C05-3822-4034-AF0B-DB1A3611FB46}.Debug|Any CPU.Build.0 = Debug|Any CPU
		{15903C05-3822-4034-AF0B-DB1A3611FB46}.Debug|Mixed Platforms.ActiveCfg = Debug|Any CPU
		{15903C05-3822-4034-AF0B-DB1A3611FB46}.Debug|Mixed Platforms.Build.0 = Debug|Any CPU
		{15903C05-3822-4034-AF0B-DB1A3611FB46}.Debug|x86.ActiveCfg = Debug|Any CPU
		{15903C05-3822-4034-AF0B-DB1A3611FB46}.Release|Any CPU.ActiveCfg = Release|Any CPU
		{15903C05-3822-4034-AF0B-DB1A3611FB46}.Release|Any CPU.Build.0 = Release|Any CPU
		{15903C05-3822-4034-AF0B-DB1A3611FB46}.Release|Mixed Platforms.ActiveCfg = Release|Any CPU
		{15903C05-3822-4034-AF0B-DB1A3611FB46}.Release|Mixed Platforms.Build.0 = Release|Any CPU
		{15903C05-3822-4034-AF0B-DB1A3611FB46}.Release|x86.ActiveCfg = Release|Any CPU
		{11241956-CC2D-46B0-B46C-C2E2F34AE693}.Debug|Any CPU.ActiveCfg = Debug|Any CPU
		{11241956-CC2D-46B0-B46C-C2E2F34AE693}.Debug|Any CPU.Build.0 = Debug|Any CPU
		{11241956-CC2D-46B0-B46C-C2E2F34AE693}.Debug|Mixed Platforms.ActiveCfg = Debug|Any CPU
		{11241956-CC2D-46B0-B46C-C2E2F34AE693}.Debug|Mixed Platforms.Build.0 = Debug|Any CPU
		{11241956-CC2D-46B0-B46C-C2E2F34AE693}.Debug|x86.ActiveCfg = Debug|Any CPU
		{11241956-CC2D-46B0-B46C-C2E2F34AE693}.Release|Any CPU.ActiveCfg = Release|Any CPU
		{11241956-CC2D-46B0-B46C-C2E2F34AE693}.Release|Any CPU.Build.0 = Release|Any CPU
		{11241956-CC2D-46B0-B46C-C2E2F34AE693}.Release|Mixed Platforms.ActiveCfg = Release|Any CPU
		{11241956-CC2D-46B0-B46C-C2E2F34AE693}.Release|Mixed Platforms.Build.0 = Release|Any CPU
		{11241956-CC2D-46B0-B46C-C2E2F34AE693}.Release|x86.ActiveCfg = Release|Any CPU
		{FC270F31-3A37-4E72-BE6A-CBB08FC69219}.Debug|Any CPU.ActiveCfg = Debug|Any CPU
		{FC270F31-3A37-4E72-BE6A-CBB08FC69219}.Debug|Any CPU.Build.0 = Debug|Any CPU
		{FC270F31-3A37-4E72-BE6A-CBB08FC69219}.Debug|Mixed Platforms.ActiveCfg = Debug|Any CPU
		{FC270F31-3A37-4E72-BE6A-CBB08FC69219}.Debug|Mixed Platforms.Build.0 = Debug|Any CPU
		{FC270F31-3A37-4E72-BE6A-CBB08FC69219}.Debug|x86.ActiveCfg = Debug|Any CPU
		{FC270F31-3A37-4E72-BE6A-CBB08FC69219}.Release|Any CPU.ActiveCfg = Release|Any CPU
		{FC270F31-3A37-4E72-BE6A-CBB08FC69219}.Release|Any CPU.Build.0 = Release|Any CPU
		{FC270F31-3A37-4E72-BE6A-CBB08FC69219}.Release|Mixed Platforms.ActiveCfg = Release|Any CPU
		{FC270F31-3A37-4E72-BE6A-CBB08FC69219}.Release|Mixed Platforms.Build.0 = Release|Any CPU
		{FC270F31-3A37-4E72-BE6A-CBB08FC69219}.Release|x86.ActiveCfg = Release|Any CPU
		{B2759F91-46E5-42EC-ABFA-33DEA9C9D120}.Debug|Any CPU.ActiveCfg = Debug|Any CPU
		{B2759F91-46E5-42EC-ABFA-33DEA9C9D120}.Debug|Any CPU.Build.0 = Debug|Any CPU
		{B2759F91-46E5-42EC-ABFA-33DEA9C9D120}.Debug|Mixed Platforms.ActiveCfg = Debug|Any CPU
		{B2759F91-46E5-42EC-ABFA-33DEA9C9D120}.Debug|Mixed Platforms.Build.0 = Debug|Any CPU
		{B2759F91-46E5-42EC-ABFA-33DEA9C9D120}.Debug|x86.ActiveCfg = Debug|Any CPU
		{B2759F91-46E5-42EC-ABFA-33DEA9C9D120}.Release|Any CPU.ActiveCfg = Release|Any CPU
		{B2759F91-46E5-42EC-ABFA-33DEA9C9D120}.Release|Any CPU.Build.0 = Release|Any CPU
		{B2759F91-46E5-42EC-ABFA-33DEA9C9D120}.Release|Mixed Platforms.ActiveCfg = Release|Any CPU
		{B2759F91-46E5-42EC-ABFA-33DEA9C9D120}.Release|Mixed Platforms.Build.0 = Release|Any CPU
		{B2759F91-46E5-42EC-ABFA-33DEA9C9D120}.Release|x86.ActiveCfg = Release|Any CPU
		{E8213E3C-0E8D-481E-84B3-475AAF93E2C4}.Debug|Any CPU.ActiveCfg = Debug|Any CPU
		{E8213E3C-0E8D-481E-84B3-475AAF93E2C4}.Debug|Any CPU.Build.0 = Debug|Any CPU
		{E8213E3C-0E8D-481E-84B3-475AAF93E2C4}.Debug|Mixed Platforms.ActiveCfg = Debug|Any CPU
		{E8213E3C-0E8D-481E-84B3-475AAF93E2C4}.Debug|Mixed Platforms.Build.0 = Debug|Any CPU
		{E8213E3C-0E8D-481E-84B3-475AAF93E2C4}.Debug|x86.ActiveCfg = Debug|Any CPU
		{E8213E3C-0E8D-481E-84B3-475AAF93E2C4}.Release|Any CPU.ActiveCfg = Release|Any CPU
		{E8213E3C-0E8D-481E-84B3-475AAF93E2C4}.Release|Any CPU.Build.0 = Release|Any CPU
		{E8213E3C-0E8D-481E-84B3-475AAF93E2C4}.Release|Mixed Platforms.ActiveCfg = Release|Any CPU
		{E8213E3C-0E8D-481E-84B3-475AAF93E2C4}.Release|Mixed Platforms.Build.0 = Release|Any CPU
		{E8213E3C-0E8D-481E-84B3-475AAF93E2C4}.Release|x86.ActiveCfg = Release|Any CPU
		{CB4B07C5-EAAF-4392-844E-D5C59F4C937E}.Debug|Any CPU.ActiveCfg = Debug|Any CPU
		{CB4B07C5-EAAF-4392-844E-D5C59F4C937E}.Debug|Any CPU.Build.0 = Debug|Any CPU
		{CB4B07C5-EAAF-4392-844E-D5C59F4C937E}.Debug|Mixed Platforms.ActiveCfg = Debug|Any CPU
		{CB4B07C5-EAAF-4392-844E-D5C59F4C937E}.Debug|Mixed Platforms.Build.0 = Debug|Any CPU
		{CB4B07C5-EAAF-4392-844E-D5C59F4C937E}.Debug|x86.ActiveCfg = Debug|Any CPU
		{CB4B07C5-EAAF-4392-844E-D5C59F4C937E}.Release|Any CPU.ActiveCfg = Release|Any CPU
		{CB4B07C5-EAAF-4392-844E-D5C59F4C937E}.Release|Any CPU.Build.0 = Release|Any CPU
		{CB4B07C5-EAAF-4392-844E-D5C59F4C937E}.Release|Mixed Platforms.ActiveCfg = Release|Any CPU
		{CB4B07C5-EAAF-4392-844E-D5C59F4C937E}.Release|Mixed Platforms.Build.0 = Release|Any CPU
		{CB4B07C5-EAAF-4392-844E-D5C59F4C937E}.Release|x86.ActiveCfg = Release|Any CPU
		{D1041660-9247-418F-A1C4-9D746ADF42AF}.Debug|Any CPU.ActiveCfg = Debug|Any CPU
		{D1041660-9247-418F-A1C4-9D746ADF42AF}.Debug|Any CPU.Build.0 = Debug|Any CPU
		{D1041660-9247-418F-A1C4-9D746ADF42AF}.Debug|Mixed Platforms.ActiveCfg = Debug|Any CPU
		{D1041660-9247-418F-A1C4-9D746ADF42AF}.Debug|Mixed Platforms.Build.0 = Debug|Any CPU
		{D1041660-9247-418F-A1C4-9D746ADF42AF}.Debug|x86.ActiveCfg = Debug|Any CPU
		{D1041660-9247-418F-A1C4-9D746ADF42AF}.Release|Any CPU.ActiveCfg = Release|Any CPU
		{D1041660-9247-418F-A1C4-9D746ADF42AF}.Release|Any CPU.Build.0 = Release|Any CPU
		{D1041660-9247-418F-A1C4-9D746ADF42AF}.Release|Mixed Platforms.ActiveCfg = Release|Any CPU
		{D1041660-9247-418F-A1C4-9D746ADF42AF}.Release|Mixed Platforms.Build.0 = Release|Any CPU
		{D1041660-9247-418F-A1C4-9D746ADF42AF}.Release|x86.ActiveCfg = Release|Any CPU
		{54B96050-5AB3-4EA7-A62C-5986C5D9650D}.Debug|Any CPU.ActiveCfg = Debug|Any CPU
		{54B96050-5AB3-4EA7-A62C-5986C5D9650D}.Debug|Any CPU.Build.0 = Debug|Any CPU
		{54B96050-5AB3-4EA7-A62C-5986C5D9650D}.Debug|Mixed Platforms.ActiveCfg = Debug|Any CPU
		{54B96050-5AB3-4EA7-A62C-5986C5D9650D}.Debug|Mixed Platforms.Build.0 = Debug|Any CPU
		{54B96050-5AB3-4EA7-A62C-5986C5D9650D}.Debug|x86.ActiveCfg = Debug|Any CPU
		{54B96050-5AB3-4EA7-A62C-5986C5D9650D}.Release|Any CPU.ActiveCfg = Release|Any CPU
		{54B96050-5AB3-4EA7-A62C-5986C5D9650D}.Release|Any CPU.Build.0 = Release|Any CPU
		{54B96050-5AB3-4EA7-A62C-5986C5D9650D}.Release|Mixed Platforms.ActiveCfg = Release|Any CPU
		{54B96050-5AB3-4EA7-A62C-5986C5D9650D}.Release|Mixed Platforms.Build.0 = Release|Any CPU
		{54B96050-5AB3-4EA7-A62C-5986C5D9650D}.Release|x86.ActiveCfg = Release|Any CPU
		{9F1ADCE5-141A-408B-9A75-0C87F4F2D161}.Debug|Any CPU.ActiveCfg = Debug|Any CPU
		{9F1ADCE5-141A-408B-9A75-0C87F4F2D161}.Debug|Any CPU.Build.0 = Debug|Any CPU
		{9F1ADCE5-141A-408B-9A75-0C87F4F2D161}.Debug|Mixed Platforms.ActiveCfg = Debug|Any CPU
		{9F1ADCE5-141A-408B-9A75-0C87F4F2D161}.Debug|Mixed Platforms.Build.0 = Debug|Any CPU
		{9F1ADCE5-141A-408B-9A75-0C87F4F2D161}.Debug|x86.ActiveCfg = Debug|Any CPU
		{9F1ADCE5-141A-408B-9A75-0C87F4F2D161}.Release|Any CPU.ActiveCfg = Release|Any CPU
		{9F1ADCE5-141A-408B-9A75-0C87F4F2D161}.Release|Any CPU.Build.0 = Release|Any CPU
		{9F1ADCE5-141A-408B-9A75-0C87F4F2D161}.Release|Mixed Platforms.ActiveCfg = Release|Any CPU
		{9F1ADCE5-141A-408B-9A75-0C87F4F2D161}.Release|Mixed Platforms.Build.0 = Release|Any CPU
		{9F1ADCE5-141A-408B-9A75-0C87F4F2D161}.Release|x86.ActiveCfg = Release|Any CPU
		{4BCB5CDB-9E7E-4353-BA61-4595B94E96F9}.Debug|Any CPU.ActiveCfg = Debug|Any CPU
		{4BCB5CDB-9E7E-4353-BA61-4595B94E96F9}.Debug|Any CPU.Build.0 = Debug|Any CPU
		{4BCB5CDB-9E7E-4353-BA61-4595B94E96F9}.Debug|Mixed Platforms.ActiveCfg = Debug|Any CPU
		{4BCB5CDB-9E7E-4353-BA61-4595B94E96F9}.Debug|Mixed Platforms.Build.0 = Debug|Any CPU
		{4BCB5CDB-9E7E-4353-BA61-4595B94E96F9}.Debug|x86.ActiveCfg = Debug|Any CPU
		{4BCB5CDB-9E7E-4353-BA61-4595B94E96F9}.Release|Any CPU.ActiveCfg = Release|Any CPU
		{4BCB5CDB-9E7E-4353-BA61-4595B94E96F9}.Release|Any CPU.Build.0 = Release|Any CPU
		{4BCB5CDB-9E7E-4353-BA61-4595B94E96F9}.Release|Mixed Platforms.ActiveCfg = Release|Any CPU
		{4BCB5CDB-9E7E-4353-BA61-4595B94E96F9}.Release|Mixed Platforms.Build.0 = Release|Any CPU
		{4BCB5CDB-9E7E-4353-BA61-4595B94E96F9}.Release|x86.ActiveCfg = Release|Any CPU
		{CB1EFF69-B658-48FC-A075-113D40F81E7C}.Debug|Any CPU.ActiveCfg = Debug|Any CPU
		{CB1EFF69-B658-48FC-A075-113D40F81E7C}.Debug|Any CPU.Build.0 = Debug|Any CPU
		{CB1EFF69-B658-48FC-A075-113D40F81E7C}.Debug|Mixed Platforms.ActiveCfg = Debug|Any CPU
		{CB1EFF69-B658-48FC-A075-113D40F81E7C}.Debug|Mixed Platforms.Build.0 = Debug|Any CPU
		{CB1EFF69-B658-48FC-A075-113D40F81E7C}.Debug|x86.ActiveCfg = Debug|Any CPU
		{CB1EFF69-B658-48FC-A075-113D40F81E7C}.Release|Any CPU.ActiveCfg = Release|Any CPU
		{CB1EFF69-B658-48FC-A075-113D40F81E7C}.Release|Any CPU.Build.0 = Release|Any CPU
		{CB1EFF69-B658-48FC-A075-113D40F81E7C}.Release|Mixed Platforms.ActiveCfg = Release|Any CPU
		{CB1EFF69-B658-48FC-A075-113D40F81E7C}.Release|Mixed Platforms.Build.0 = Release|Any CPU
		{CB1EFF69-B658-48FC-A075-113D40F81E7C}.Release|x86.ActiveCfg = Release|Any CPU
		{CE2267CB-CC12-4314-93F0-CFE55464F52E}.Debug|Any CPU.ActiveCfg = Debug|Any CPU
		{CE2267CB-CC12-4314-93F0-CFE55464F52E}.Debug|Any CPU.Build.0 = Debug|Any CPU
		{CE2267CB-CC12-4314-93F0-CFE55464F52E}.Debug|Mixed Platforms.ActiveCfg = Debug|Any CPU
		{CE2267CB-CC12-4314-93F0-CFE55464F52E}.Debug|Mixed Platforms.Build.0 = Debug|Any CPU
		{CE2267CB-CC12-4314-93F0-CFE55464F52E}.Debug|x86.ActiveCfg = Debug|Any CPU
		{CE2267CB-CC12-4314-93F0-CFE55464F52E}.Release|Any CPU.ActiveCfg = Release|Any CPU
		{CE2267CB-CC12-4314-93F0-CFE55464F52E}.Release|Any CPU.Build.0 = Release|Any CPU
		{CE2267CB-CC12-4314-93F0-CFE55464F52E}.Release|Mixed Platforms.ActiveCfg = Release|Any CPU
		{CE2267CB-CC12-4314-93F0-CFE55464F52E}.Release|Mixed Platforms.Build.0 = Release|Any CPU
		{CE2267CB-CC12-4314-93F0-CFE55464F52E}.Release|x86.ActiveCfg = Release|Any CPU
		{DDD34014-317B-46DF-B363-1A0610103AC3}.Debug|Any CPU.ActiveCfg = Debug|Any CPU
		{DDD34014-317B-46DF-B363-1A0610103AC3}.Debug|Any CPU.Build.0 = Debug|Any CPU
		{DDD34014-317B-46DF-B363-1A0610103AC3}.Debug|Mixed Platforms.ActiveCfg = Debug|Any CPU
		{DDD34014-317B-46DF-B363-1A0610103AC3}.Debug|Mixed Platforms.Build.0 = Debug|Any CPU
		{DDD34014-317B-46DF-B363-1A0610103AC3}.Debug|x86.ActiveCfg = Debug|Any CPU
		{DDD34014-317B-46DF-B363-1A0610103AC3}.Release|Any CPU.ActiveCfg = Release|Any CPU
		{DDD34014-317B-46DF-B363-1A0610103AC3}.Release|Any CPU.Build.0 = Release|Any CPU
		{DDD34014-317B-46DF-B363-1A0610103AC3}.Release|Mixed Platforms.ActiveCfg = Release|Any CPU
		{DDD34014-317B-46DF-B363-1A0610103AC3}.Release|Mixed Platforms.Build.0 = Release|Any CPU
		{DDD34014-317B-46DF-B363-1A0610103AC3}.Release|x86.ActiveCfg = Release|Any CPU
		{B5916099-8813-4954-A02E-AF7BC9E2CB4D}.Debug|Any CPU.ActiveCfg = Debug|Any CPU
		{B5916099-8813-4954-A02E-AF7BC9E2CB4D}.Debug|Any CPU.Build.0 = Debug|Any CPU
		{B5916099-8813-4954-A02E-AF7BC9E2CB4D}.Debug|Mixed Platforms.ActiveCfg = Debug|Any CPU
		{B5916099-8813-4954-A02E-AF7BC9E2CB4D}.Debug|Mixed Platforms.Build.0 = Debug|Any CPU
		{B5916099-8813-4954-A02E-AF7BC9E2CB4D}.Debug|x86.ActiveCfg = Debug|Any CPU
		{B5916099-8813-4954-A02E-AF7BC9E2CB4D}.Release|Any CPU.ActiveCfg = Release|Any CPU
		{B5916099-8813-4954-A02E-AF7BC9E2CB4D}.Release|Any CPU.Build.0 = Release|Any CPU
		{B5916099-8813-4954-A02E-AF7BC9E2CB4D}.Release|Mixed Platforms.ActiveCfg = Release|Any CPU
		{B5916099-8813-4954-A02E-AF7BC9E2CB4D}.Release|Mixed Platforms.Build.0 = Release|Any CPU
		{B5916099-8813-4954-A02E-AF7BC9E2CB4D}.Release|x86.ActiveCfg = Release|Any CPU
		{B22B86C5-0E44-4165-B87D-FAA8ECAC06AB}.Debug|Any CPU.ActiveCfg = Debug|Any CPU
		{B22B86C5-0E44-4165-B87D-FAA8ECAC06AB}.Debug|Any CPU.Build.0 = Debug|Any CPU
		{B22B86C5-0E44-4165-B87D-FAA8ECAC06AB}.Debug|Mixed Platforms.ActiveCfg = Debug|Any CPU
		{B22B86C5-0E44-4165-B87D-FAA8ECAC06AB}.Debug|Mixed Platforms.Build.0 = Debug|Any CPU
		{B22B86C5-0E44-4165-B87D-FAA8ECAC06AB}.Debug|x86.ActiveCfg = Debug|Any CPU
		{B22B86C5-0E44-4165-B87D-FAA8ECAC06AB}.Release|Any CPU.ActiveCfg = Release|Any CPU
		{B22B86C5-0E44-4165-B87D-FAA8ECAC06AB}.Release|Any CPU.Build.0 = Release|Any CPU
		{B22B86C5-0E44-4165-B87D-FAA8ECAC06AB}.Release|Mixed Platforms.ActiveCfg = Release|Any CPU
		{B22B86C5-0E44-4165-B87D-FAA8ECAC06AB}.Release|Mixed Platforms.Build.0 = Release|Any CPU
		{B22B86C5-0E44-4165-B87D-FAA8ECAC06AB}.Release|x86.ActiveCfg = Release|Any CPU
		{912C5029-358A-4560-A4C7-7B226DDFE3B9}.Debug|Any CPU.ActiveCfg = Debug|Any CPU
		{912C5029-358A-4560-A4C7-7B226DDFE3B9}.Debug|Any CPU.Build.0 = Debug|Any CPU
		{912C5029-358A-4560-A4C7-7B226DDFE3B9}.Debug|Mixed Platforms.ActiveCfg = Debug|Any CPU
		{912C5029-358A-4560-A4C7-7B226DDFE3B9}.Debug|Mixed Platforms.Build.0 = Debug|Any CPU
		{912C5029-358A-4560-A4C7-7B226DDFE3B9}.Debug|x86.ActiveCfg = Debug|Any CPU
		{912C5029-358A-4560-A4C7-7B226DDFE3B9}.Release|Any CPU.ActiveCfg = Release|Any CPU
		{912C5029-358A-4560-A4C7-7B226DDFE3B9}.Release|Any CPU.Build.0 = Release|Any CPU
		{912C5029-358A-4560-A4C7-7B226DDFE3B9}.Release|Mixed Platforms.ActiveCfg = Release|Any CPU
		{912C5029-358A-4560-A4C7-7B226DDFE3B9}.Release|Mixed Platforms.Build.0 = Release|Any CPU
		{912C5029-358A-4560-A4C7-7B226DDFE3B9}.Release|x86.ActiveCfg = Release|Any CPU
		{DD261B56-459F-43A8-8775-169BC168D39F}.Debug|Any CPU.ActiveCfg = Debug|Any CPU
		{DD261B56-459F-43A8-8775-169BC168D39F}.Debug|Any CPU.Build.0 = Debug|Any CPU
		{DD261B56-459F-43A8-8775-169BC168D39F}.Debug|Mixed Platforms.ActiveCfg = Debug|Any CPU
		{DD261B56-459F-43A8-8775-169BC168D39F}.Debug|Mixed Platforms.Build.0 = Debug|Any CPU
		{DD261B56-459F-43A8-8775-169BC168D39F}.Debug|x86.ActiveCfg = Debug|Any CPU
		{DD261B56-459F-43A8-8775-169BC168D39F}.Release|Any CPU.ActiveCfg = Release|Any CPU
		{DD261B56-459F-43A8-8775-169BC168D39F}.Release|Any CPU.Build.0 = Release|Any CPU
		{DD261B56-459F-43A8-8775-169BC168D39F}.Release|Mixed Platforms.ActiveCfg = Release|Any CPU
		{DD261B56-459F-43A8-8775-169BC168D39F}.Release|Mixed Platforms.Build.0 = Release|Any CPU
		{DD261B56-459F-43A8-8775-169BC168D39F}.Release|x86.ActiveCfg = Release|Any CPU
		{05EBFB01-166E-484C-9D17-700433609C23}.Debug|Any CPU.ActiveCfg = Debug|x86
		{05EBFB01-166E-484C-9D17-700433609C23}.Debug|Mixed Platforms.ActiveCfg = Debug|x86
		{05EBFB01-166E-484C-9D17-700433609C23}.Debug|Mixed Platforms.Build.0 = Debug|x86
		{05EBFB01-166E-484C-9D17-700433609C23}.Debug|x86.ActiveCfg = Debug|x86
		{05EBFB01-166E-484C-9D17-700433609C23}.Debug|x86.Build.0 = Debug|x86
		{05EBFB01-166E-484C-9D17-700433609C23}.Release|Any CPU.ActiveCfg = Release|x86
		{05EBFB01-166E-484C-9D17-700433609C23}.Release|Mixed Platforms.ActiveCfg = Release|x86
		{05EBFB01-166E-484C-9D17-700433609C23}.Release|Mixed Platforms.Build.0 = Release|x86
		{05EBFB01-166E-484C-9D17-700433609C23}.Release|x86.ActiveCfg = Release|x86
		{05EBFB01-166E-484C-9D17-700433609C23}.Release|x86.Build.0 = Release|x86
		{22C1CCB4-63E1-47A8-8DD1-865E7E4F280A}.Debug|Any CPU.ActiveCfg = Debug|Any CPU
		{22C1CCB4-63E1-47A8-8DD1-865E7E4F280A}.Debug|Any CPU.Build.0 = Debug|Any CPU
		{22C1CCB4-63E1-47A8-8DD1-865E7E4F280A}.Debug|Mixed Platforms.ActiveCfg = Debug|Any CPU
		{22C1CCB4-63E1-47A8-8DD1-865E7E4F280A}.Debug|Mixed Platforms.Build.0 = Debug|Any CPU
		{22C1CCB4-63E1-47A8-8DD1-865E7E4F280A}.Debug|x86.ActiveCfg = Debug|Any CPU
		{22C1CCB4-63E1-47A8-8DD1-865E7E4F280A}.Release|Any CPU.ActiveCfg = Release|Any CPU
		{22C1CCB4-63E1-47A8-8DD1-865E7E4F280A}.Release|Any CPU.Build.0 = Release|Any CPU
		{22C1CCB4-63E1-47A8-8DD1-865E7E4F280A}.Release|Mixed Platforms.ActiveCfg = Release|Any CPU
		{22C1CCB4-63E1-47A8-8DD1-865E7E4F280A}.Release|Mixed Platforms.Build.0 = Release|Any CPU
		{22C1CCB4-63E1-47A8-8DD1-865E7E4F280A}.Release|x86.ActiveCfg = Release|Any CPU
		{ADC4DF29-1616-4D40-93F1-A8F939F6F1FC}.Debug|Any CPU.ActiveCfg = Debug|x86
		{ADC4DF29-1616-4D40-93F1-A8F939F6F1FC}.Debug|Mixed Platforms.ActiveCfg = Debug|x86
		{ADC4DF29-1616-4D40-93F1-A8F939F6F1FC}.Debug|Mixed Platforms.Build.0 = Debug|x86
		{ADC4DF29-1616-4D40-93F1-A8F939F6F1FC}.Debug|x86.ActiveCfg = Debug|x86
		{ADC4DF29-1616-4D40-93F1-A8F939F6F1FC}.Debug|x86.Build.0 = Debug|x86
		{ADC4DF29-1616-4D40-93F1-A8F939F6F1FC}.Release|Any CPU.ActiveCfg = Release|x86
		{ADC4DF29-1616-4D40-93F1-A8F939F6F1FC}.Release|Mixed Platforms.ActiveCfg = Release|x86
		{ADC4DF29-1616-4D40-93F1-A8F939F6F1FC}.Release|Mixed Platforms.Build.0 = Release|x86
		{ADC4DF29-1616-4D40-93F1-A8F939F6F1FC}.Release|x86.ActiveCfg = Release|x86
		{ADC4DF29-1616-4D40-93F1-A8F939F6F1FC}.Release|x86.Build.0 = Release|x86
		{85F80C55-075E-4149-83D4-C32D09660E3A}.Debug|Any CPU.ActiveCfg = Debug|x86
		{85F80C55-075E-4149-83D4-C32D09660E3A}.Debug|Mixed Platforms.ActiveCfg = Debug|x86
		{85F80C55-075E-4149-83D4-C32D09660E3A}.Debug|Mixed Platforms.Build.0 = Debug|x86
		{85F80C55-075E-4149-83D4-C32D09660E3A}.Debug|x86.ActiveCfg = Debug|x86
		{85F80C55-075E-4149-83D4-C32D09660E3A}.Debug|x86.Build.0 = Debug|x86
		{85F80C55-075E-4149-83D4-C32D09660E3A}.Release|Any CPU.ActiveCfg = Release|x86
		{85F80C55-075E-4149-83D4-C32D09660E3A}.Release|Mixed Platforms.ActiveCfg = Release|x86
		{85F80C55-075E-4149-83D4-C32D09660E3A}.Release|Mixed Platforms.Build.0 = Release|x86
		{85F80C55-075E-4149-83D4-C32D09660E3A}.Release|x86.ActiveCfg = Release|x86
		{85F80C55-075E-4149-83D4-C32D09660E3A}.Release|x86.Build.0 = Release|x86
		{ED040216-1CD7-44D0-A567-0101C9FEC2E3}.Debug|Any CPU.ActiveCfg = Debug|Any CPU
		{ED040216-1CD7-44D0-A567-0101C9FEC2E3}.Debug|Any CPU.Build.0 = Debug|Any CPU
		{ED040216-1CD7-44D0-A567-0101C9FEC2E3}.Debug|Mixed Platforms.ActiveCfg = Debug|Any CPU
		{ED040216-1CD7-44D0-A567-0101C9FEC2E3}.Debug|Mixed Platforms.Build.0 = Debug|Any CPU
		{ED040216-1CD7-44D0-A567-0101C9FEC2E3}.Debug|x86.ActiveCfg = Debug|Any CPU
		{ED040216-1CD7-44D0-A567-0101C9FEC2E3}.Release|Any CPU.ActiveCfg = Release|Any CPU
		{ED040216-1CD7-44D0-A567-0101C9FEC2E3}.Release|Any CPU.Build.0 = Release|Any CPU
		{ED040216-1CD7-44D0-A567-0101C9FEC2E3}.Release|Mixed Platforms.ActiveCfg = Release|Any CPU
		{ED040216-1CD7-44D0-A567-0101C9FEC2E3}.Release|Mixed Platforms.Build.0 = Release|Any CPU
		{ED040216-1CD7-44D0-A567-0101C9FEC2E3}.Release|x86.ActiveCfg = Release|Any CPU
		{269A703A-8AAD-4FF1-B1D8-B20B1A21AA90}.Debug|Any CPU.ActiveCfg = Debug|Any CPU
		{269A703A-8AAD-4FF1-B1D8-B20B1A21AA90}.Debug|Any CPU.Build.0 = Debug|Any CPU
		{269A703A-8AAD-4FF1-B1D8-B20B1A21AA90}.Debug|Mixed Platforms.ActiveCfg = Debug|Any CPU
		{269A703A-8AAD-4FF1-B1D8-B20B1A21AA90}.Debug|Mixed Platforms.Build.0 = Debug|Any CPU
		{269A703A-8AAD-4FF1-B1D8-B20B1A21AA90}.Debug|x86.ActiveCfg = Debug|Any CPU
		{269A703A-8AAD-4FF1-B1D8-B20B1A21AA90}.Release|Any CPU.ActiveCfg = Release|Any CPU
		{269A703A-8AAD-4FF1-B1D8-B20B1A21AA90}.Release|Any CPU.Build.0 = Release|Any CPU
		{269A703A-8AAD-4FF1-B1D8-B20B1A21AA90}.Release|Mixed Platforms.ActiveCfg = Release|Any CPU
		{269A703A-8AAD-4FF1-B1D8-B20B1A21AA90}.Release|Mixed Platforms.Build.0 = Release|Any CPU
		{269A703A-8AAD-4FF1-B1D8-B20B1A21AA90}.Release|x86.ActiveCfg = Release|Any CPU
		{50D571A4-A3F3-46EC-9762-CACEBED9DFA7}.Debug|Any CPU.ActiveCfg = Debug|Any CPU
		{50D571A4-A3F3-46EC-9762-CACEBED9DFA7}.Debug|Any CPU.Build.0 = Debug|Any CPU
		{50D571A4-A3F3-46EC-9762-CACEBED9DFA7}.Debug|Mixed Platforms.ActiveCfg = Debug|Any CPU
		{50D571A4-A3F3-46EC-9762-CACEBED9DFA7}.Debug|Mixed Platforms.Build.0 = Debug|Any CPU
		{50D571A4-A3F3-46EC-9762-CACEBED9DFA7}.Debug|x86.ActiveCfg = Debug|Any CPU
		{50D571A4-A3F3-46EC-9762-CACEBED9DFA7}.Release|Any CPU.ActiveCfg = Release|Any CPU
		{50D571A4-A3F3-46EC-9762-CACEBED9DFA7}.Release|Any CPU.Build.0 = Release|Any CPU
		{50D571A4-A3F3-46EC-9762-CACEBED9DFA7}.Release|Mixed Platforms.ActiveCfg = Release|Any CPU
		{50D571A4-A3F3-46EC-9762-CACEBED9DFA7}.Release|Mixed Platforms.Build.0 = Release|Any CPU
		{50D571A4-A3F3-46EC-9762-CACEBED9DFA7}.Release|x86.ActiveCfg = Release|Any CPU
		{F954F13E-C818-485F-98BF-91579AA21127}.Debug|Any CPU.ActiveCfg = Debug|Any CPU
		{F954F13E-C818-485F-98BF-91579AA21127}.Debug|Any CPU.Build.0 = Debug|Any CPU
		{F954F13E-C818-485F-98BF-91579AA21127}.Debug|Mixed Platforms.ActiveCfg = Debug|Any CPU
		{F954F13E-C818-485F-98BF-91579AA21127}.Debug|Mixed Platforms.Build.0 = Debug|Any CPU
		{F954F13E-C818-485F-98BF-91579AA21127}.Debug|x86.ActiveCfg = Debug|Any CPU
		{F954F13E-C818-485F-98BF-91579AA21127}.Release|Any CPU.ActiveCfg = Release|Any CPU
		{F954F13E-C818-485F-98BF-91579AA21127}.Release|Any CPU.Build.0 = Release|Any CPU
		{F954F13E-C818-485F-98BF-91579AA21127}.Release|Mixed Platforms.ActiveCfg = Release|Any CPU
		{F954F13E-C818-485F-98BF-91579AA21127}.Release|Mixed Platforms.Build.0 = Release|Any CPU
		{F954F13E-C818-485F-98BF-91579AA21127}.Release|x86.ActiveCfg = Release|Any CPU
		{30AA4A13-9F85-45B8-A5F6-60B6A86B1661}.Debug|Any CPU.ActiveCfg = Debug|x86
		{30AA4A13-9F85-45B8-A5F6-60B6A86B1661}.Debug|Mixed Platforms.ActiveCfg = Debug|x86
		{30AA4A13-9F85-45B8-A5F6-60B6A86B1661}.Debug|Mixed Platforms.Build.0 = Debug|x86
		{30AA4A13-9F85-45B8-A5F6-60B6A86B1661}.Debug|x86.ActiveCfg = Debug|x86
		{30AA4A13-9F85-45B8-A5F6-60B6A86B1661}.Debug|x86.Build.0 = Debug|x86
		{30AA4A13-9F85-45B8-A5F6-60B6A86B1661}.Release|Any CPU.ActiveCfg = Release|x86
		{30AA4A13-9F85-45B8-A5F6-60B6A86B1661}.Release|Mixed Platforms.ActiveCfg = Release|x86
		{30AA4A13-9F85-45B8-A5F6-60B6A86B1661}.Release|Mixed Platforms.Build.0 = Release|x86
		{30AA4A13-9F85-45B8-A5F6-60B6A86B1661}.Release|x86.ActiveCfg = Release|x86
		{30AA4A13-9F85-45B8-A5F6-60B6A86B1661}.Release|x86.Build.0 = Release|x86
		{03076AC8-E51D-4256-8911-F1288B3B4550}.Debug|Any CPU.ActiveCfg = Debug|Any CPU
		{03076AC8-E51D-4256-8911-F1288B3B4550}.Debug|Any CPU.Build.0 = Debug|Any CPU
		{03076AC8-E51D-4256-8911-F1288B3B4550}.Debug|Mixed Platforms.ActiveCfg = Debug|Any CPU
		{03076AC8-E51D-4256-8911-F1288B3B4550}.Debug|Mixed Platforms.Build.0 = Debug|Any CPU
		{03076AC8-E51D-4256-8911-F1288B3B4550}.Debug|x86.ActiveCfg = Debug|Any CPU
		{03076AC8-E51D-4256-8911-F1288B3B4550}.Release|Any CPU.ActiveCfg = Release|Any CPU
		{03076AC8-E51D-4256-8911-F1288B3B4550}.Release|Any CPU.Build.0 = Release|Any CPU
		{03076AC8-E51D-4256-8911-F1288B3B4550}.Release|Mixed Platforms.ActiveCfg = Release|Any CPU
		{03076AC8-E51D-4256-8911-F1288B3B4550}.Release|Mixed Platforms.Build.0 = Release|Any CPU
		{03076AC8-E51D-4256-8911-F1288B3B4550}.Release|x86.ActiveCfg = Release|Any CPU
		{321FF6F9-DBA2-48FA-99F4-65F9F8627913}.Debug|Any CPU.ActiveCfg = Debug|Any CPU
		{321FF6F9-DBA2-48FA-99F4-65F9F8627913}.Debug|Any CPU.Build.0 = Debug|Any CPU
		{321FF6F9-DBA2-48FA-99F4-65F9F8627913}.Debug|Mixed Platforms.ActiveCfg = Debug|Any CPU
		{321FF6F9-DBA2-48FA-99F4-65F9F8627913}.Debug|Mixed Platforms.Build.0 = Debug|Any CPU
		{321FF6F9-DBA2-48FA-99F4-65F9F8627913}.Debug|x86.ActiveCfg = Debug|Any CPU
		{321FF6F9-DBA2-48FA-99F4-65F9F8627913}.Release|Any CPU.ActiveCfg = Release|Any CPU
		{321FF6F9-DBA2-48FA-99F4-65F9F8627913}.Release|Any CPU.Build.0 = Release|Any CPU
		{321FF6F9-DBA2-48FA-99F4-65F9F8627913}.Release|Mixed Platforms.ActiveCfg = Release|Any CPU
		{321FF6F9-DBA2-48FA-99F4-65F9F8627913}.Release|Mixed Platforms.Build.0 = Release|Any CPU
		{321FF6F9-DBA2-48FA-99F4-65F9F8627913}.Release|x86.ActiveCfg = Release|Any CPU
		{FBC454A6-FE68-4F92-B803-EEDE69B34579}.Debug|Any CPU.ActiveCfg = Debug|x86
		{FBC454A6-FE68-4F92-B803-EEDE69B34579}.Debug|Mixed Platforms.ActiveCfg = Debug|x86
		{FBC454A6-FE68-4F92-B803-EEDE69B34579}.Debug|Mixed Platforms.Build.0 = Debug|x86
		{FBC454A6-FE68-4F92-B803-EEDE69B34579}.Debug|x86.ActiveCfg = Debug|x86
		{FBC454A6-FE68-4F92-B803-EEDE69B34579}.Debug|x86.Build.0 = Debug|x86
		{FBC454A6-FE68-4F92-B803-EEDE69B34579}.Release|Any CPU.ActiveCfg = Release|x86
		{FBC454A6-FE68-4F92-B803-EEDE69B34579}.Release|Mixed Platforms.ActiveCfg = Release|x86
		{FBC454A6-FE68-4F92-B803-EEDE69B34579}.Release|Mixed Platforms.Build.0 = Release|x86
		{FBC454A6-FE68-4F92-B803-EEDE69B34579}.Release|x86.ActiveCfg = Release|x86
		{FBC454A6-FE68-4F92-B803-EEDE69B34579}.Release|x86.Build.0 = Release|x86
		{55AEE922-6040-425E-BC49-9067243CBED3}.Debug|Any CPU.ActiveCfg = Debug|x86
		{55AEE922-6040-425E-BC49-9067243CBED3}.Debug|Mixed Platforms.ActiveCfg = Debug|x86
		{55AEE922-6040-425E-BC49-9067243CBED3}.Debug|Mixed Platforms.Build.0 = Debug|x86
		{55AEE922-6040-425E-BC49-9067243CBED3}.Debug|x86.ActiveCfg = Debug|x86
		{55AEE922-6040-425E-BC49-9067243CBED3}.Debug|x86.Build.0 = Debug|x86
		{55AEE922-6040-425E-BC49-9067243CBED3}.Release|Any CPU.ActiveCfg = Release|x86
		{55AEE922-6040-425E-BC49-9067243CBED3}.Release|Mixed Platforms.ActiveCfg = Release|x86
		{55AEE922-6040-425E-BC49-9067243CBED3}.Release|Mixed Platforms.Build.0 = Release|x86
		{55AEE922-6040-425E-BC49-9067243CBED3}.Release|x86.ActiveCfg = Release|x86
		{55AEE922-6040-425E-BC49-9067243CBED3}.Release|x86.Build.0 = Release|x86
		{34152F74-4330-4271-83D0-2A2438CCE5FF}.Debug|Any CPU.ActiveCfg = Debug|Any CPU
		{34152F74-4330-4271-83D0-2A2438CCE5FF}.Debug|Any CPU.Build.0 = Debug|Any CPU
		{34152F74-4330-4271-83D0-2A2438CCE5FF}.Debug|Mixed Platforms.ActiveCfg = Debug|Any CPU
		{34152F74-4330-4271-83D0-2A2438CCE5FF}.Debug|Mixed Platforms.Build.0 = Debug|Any CPU
		{34152F74-4330-4271-83D0-2A2438CCE5FF}.Debug|x86.ActiveCfg = Debug|Any CPU
		{34152F74-4330-4271-83D0-2A2438CCE5FF}.Release|Any CPU.ActiveCfg = Release|Any CPU
		{34152F74-4330-4271-83D0-2A2438CCE5FF}.Release|Any CPU.Build.0 = Release|Any CPU
		{34152F74-4330-4271-83D0-2A2438CCE5FF}.Release|Mixed Platforms.ActiveCfg = Release|Any CPU
		{34152F74-4330-4271-83D0-2A2438CCE5FF}.Release|Mixed Platforms.Build.0 = Release|Any CPU
		{34152F74-4330-4271-83D0-2A2438CCE5FF}.Release|x86.ActiveCfg = Release|Any CPU
	EndGlobalSection
	GlobalSection(SolutionProperties) = preSolution
		HideSolutionNode = FALSE
	EndGlobalSection
	GlobalSection(NestedProjects) = preSolution
		{E38D436F-66AB-4DA2-8DA0-78EC75E5B17D} = {E34724E3-D0E0-4330-807C-D8F6BDEB7C92}
		{CE755658-DC63-40E3-9FA2-48223E9D705C} = {E34724E3-D0E0-4330-807C-D8F6BDEB7C92}
		{AA0DC756-B570-43C4-AC40-56C13FC9B1B6} = {E34724E3-D0E0-4330-807C-D8F6BDEB7C92}
		{5450798B-9A8F-422D-8CCB-7943F94969F8} = {E34724E3-D0E0-4330-807C-D8F6BDEB7C92}
		{C6B45B47-7B7D-4912-BF0C-243B70253D5C} = {E34724E3-D0E0-4330-807C-D8F6BDEB7C92}
		{28ED3CD1-AFFF-4424-BB50-46DCF412595E} = {E34724E3-D0E0-4330-807C-D8F6BDEB7C92}
		{0BA9C73F-4E95-4AE6-821B-9BAB5BFAA657} = {E34724E3-D0E0-4330-807C-D8F6BDEB7C92}
		{B8DEF709-5168-48F1-B8D3-AD44E4A4A22B} = {E0ABC95C-63D8-4E09-8C8C-E1928E2C20C0}
		{E07187E1-EEE1-44DF-996A-C4733F327BDC} = {E0ABC95C-63D8-4E09-8C8C-E1928E2C20C0}
		{51C99F4D-CCF0-431A-B37C-D620EF1DF37B} = {E0ABC95C-63D8-4E09-8C8C-E1928E2C20C0}
		{75C8F482-B38D-428C-AD67-890B40E35A63} = {E0ABC95C-63D8-4E09-8C8C-E1928E2C20C0}
		{F489D9D1-F275-4018-A86F-D84352BCD4E9} = {E0ABC95C-63D8-4E09-8C8C-E1928E2C20C0}
		{22C1CCB4-63E1-47A8-8DD1-865E7E4F280A} = {E0ABC95C-63D8-4E09-8C8C-E1928E2C20C0}
		{40458B1F-BDB6-438E-B00B-4C1A31EAEFCD} = {E0ABC95C-63D8-4E09-8C8C-E1928E2C20C0}
		{912C5029-358A-4560-A4C7-7B226DDFE3B9} = {E38D436F-66AB-4DA2-8DA0-78EC75E5B17D}
		{ADC4DF29-1616-4D40-93F1-A8F939F6F1FC} = {E38D436F-66AB-4DA2-8DA0-78EC75E5B17D}
		{34152F74-4330-4271-83D0-2A2438CCE5FF} = {E38D436F-66AB-4DA2-8DA0-78EC75E5B17D}
		{321FF6F9-DBA2-48FA-99F4-65F9F8627913} = {CE755658-DC63-40E3-9FA2-48223E9D705C}
		{15903C05-3822-4034-AF0B-DB1A3611FB46} = {AA0DC756-B570-43C4-AC40-56C13FC9B1B6}
		{11241956-CC2D-46B0-B46C-C2E2F34AE693} = {AA0DC756-B570-43C4-AC40-56C13FC9B1B6}
		{FC270F31-3A37-4E72-BE6A-CBB08FC69219} = {AA0DC756-B570-43C4-AC40-56C13FC9B1B6}
		{B2759F91-46E5-42EC-ABFA-33DEA9C9D120} = {AA0DC756-B570-43C4-AC40-56C13FC9B1B6}
		{E8213E3C-0E8D-481E-84B3-475AAF93E2C4} = {AA0DC756-B570-43C4-AC40-56C13FC9B1B6}
		{FBC454A6-FE68-4F92-B803-EEDE69B34579} = {AA0DC756-B570-43C4-AC40-56C13FC9B1B6}
		{55AEE922-6040-425E-BC49-9067243CBED3} = {AA0DC756-B570-43C4-AC40-56C13FC9B1B6}
		{CB4B07C5-EAAF-4392-844E-D5C59F4C937E} = {5450798B-9A8F-422D-8CCB-7943F94969F8}
		{D1041660-9247-418F-A1C4-9D746ADF42AF} = {5450798B-9A8F-422D-8CCB-7943F94969F8}
		{54B96050-5AB3-4EA7-A62C-5986C5D9650D} = {5450798B-9A8F-422D-8CCB-7943F94969F8}
		{9F1ADCE5-141A-408B-9A75-0C87F4F2D161} = {5450798B-9A8F-422D-8CCB-7943F94969F8}
		{4BCB5CDB-9E7E-4353-BA61-4595B94E96F9} = {5450798B-9A8F-422D-8CCB-7943F94969F8}
		{CB1EFF69-B658-48FC-A075-113D40F81E7C} = {28ED3CD1-AFFF-4424-BB50-46DCF412595E}
		{CE2267CB-CC12-4314-93F0-CFE55464F52E} = {28ED3CD1-AFFF-4424-BB50-46DCF412595E}
		{DDD34014-317B-46DF-B363-1A0610103AC3} = {28ED3CD1-AFFF-4424-BB50-46DCF412595E}
		{B5916099-8813-4954-A02E-AF7BC9E2CB4D} = {28ED3CD1-AFFF-4424-BB50-46DCF412595E}
		{B22B86C5-0E44-4165-B87D-FAA8ECAC06AB} = {28ED3CD1-AFFF-4424-BB50-46DCF412595E}
		{DD261B56-459F-43A8-8775-169BC168D39F} = {28ED3CD1-AFFF-4424-BB50-46DCF412595E}
		{05EBFB01-166E-484C-9D17-700433609C23} = {28ED3CD1-AFFF-4424-BB50-46DCF412595E}
		{85F80C55-075E-4149-83D4-C32D09660E3A} = {0BA9C73F-4E95-4AE6-821B-9BAB5BFAA657}
		{ED040216-1CD7-44D0-A567-0101C9FEC2E3} = {0BA9C73F-4E95-4AE6-821B-9BAB5BFAA657}
		{269A703A-8AAD-4FF1-B1D8-B20B1A21AA90} = {0BA9C73F-4E95-4AE6-821B-9BAB5BFAA657}
		{50D571A4-A3F3-46EC-9762-CACEBED9DFA7} = {0BA9C73F-4E95-4AE6-821B-9BAB5BFAA657}
		{F954F13E-C818-485F-98BF-91579AA21127} = {40458B1F-BDB6-438E-B00B-4C1A31EAEFCD}
		{30AA4A13-9F85-45B8-A5F6-60B6A86B1661} = {40458B1F-BDB6-438E-B00B-4C1A31EAEFCD}
		{03076AC8-E51D-4256-8911-F1288B3B4550} = {40458B1F-BDB6-438E-B00B-4C1A31EAEFCD}
	EndGlobalSection
EndGlobal
